
Microsoft Visual Studio Solution File, Format Version 12.00
# Visual Studio Version 17
VisualStudioVersion = 17.5.33530.505
MinimumVisualStudioVersion = 10.0.40219.1
Project("{FAE04EC0-301F-11D3-BF4B-00C04F79EFBC}") = "Ticket_parcial.Shared", "..\Ticket_parcial.Shared\Ticket_parcial.Shared.csproj", "{78422E47-D26B-4651-9ED1-6521E6B913CB}"
EndProject
Project("{FAE04EC0-301F-11D3-BF4B-00C04F79EFBC}") = "Tickets_parcial.API", "..\Tickets_parcial.API\Tickets_parcial.API.csproj", "{6F9A6862-54B2-4307-91FF-FFB74288D57C}"
EndProject
Project("{FAE04EC0-301F-11D3-BF4B-00C04F79EFBC}") = "Tickets_parcial.WEB", "..\Tickets_parcial.WEB\Tickets_parcial.WEB.csproj", "{D4AD9C46-4485-42FD-AA73-24CADB2F8D19}"
EndProject
Global
	GlobalSection(SolutionConfigurationPlatforms) = preSolution
		Debug|Any CPU = Debug|Any CPU
		Release|Any CPU = Release|Any CPU
	EndGlobalSection
	GlobalSection(ProjectConfigurationPlatforms) = postSolution
		{78422E47-D26B-4651-9ED1-6521E6B913CB}.Debug|Any CPU.ActiveCfg = Debug|Any CPU
		{78422E47-D26B-4651-9ED1-6521E6B913CB}.Debug|Any CPU.Build.0 = Debug|Any CPU
		{78422E47-D26B-4651-9ED1-6521E6B913CB}.Release|Any CPU.ActiveCfg = Release|Any CPU
		{78422E47-D26B-4651-9ED1-6521E6B913CB}.Release|Any CPU.Build.0 = Release|Any CPU
		{6F9A6862-54B2-4307-91FF-FFB74288D57C}.Debug|Any CPU.ActiveCfg = Debug|Any CPU
		{6F9A6862-54B2-4307-91FF-FFB74288D57C}.Debug|Any CPU.Build.0 = Debug|Any CPU
		{6F9A6862-54B2-4307-91FF-FFB74288D57C}.Release|Any CPU.ActiveCfg = Release|Any CPU
		{6F9A6862-54B2-4307-91FF-FFB74288D57C}.Release|Any CPU.Build.0 = Release|Any CPU
		{D4AD9C46-4485-42FD-AA73-24CADB2F8D19}.Debug|Any CPU.ActiveCfg = Debug|Any CPU
		{D4AD9C46-4485-42FD-AA73-24CADB2F8D19}.Debug|Any CPU.Build.0 = Debug|Any CPU
		{D4AD9C46-4485-42FD-AA73-24CADB2F8D19}.Release|Any CPU.ActiveCfg = Release|Any CPU
		{D4AD9C46-4485-42FD-AA73-24CADB2F8D19}.Release|Any CPU.Build.0 = Release|Any CPU
	EndGlobalSection
	GlobalSection(SolutionProperties) = preSolution
		HideSolutionNode = FALSE
	EndGlobalSection
	GlobalSection(ExtensibilityGlobals) = postSolution
		SolutionGuid = {80ADA238-4D45-4B92-863D-89993CEF144D}
	EndGlobalSection
EndGlobal
